
Microsoft Visual Studio Solution File, Format Version 12.00
# Visual Studio Version 17
VisualStudioVersion = 17.4.33213.308
MinimumVisualStudioVersion = 10.0.40219.1
Project("{2150E333-8FDC-42A3-9474-1A3956D46DE8}") = "0.1 - Presentation", "0.1 - Presentation", "{01C3742B-CA39-4958-9A73-94AEFB537556}"
EndProject
Project("{9A19103F-16F7-4668-BE54-9A1E7A4F7556}") = "API", "0.1 - Presentation\WMS.Sisdep.API\API.csproj", "{1CCDDB3A-7AC5-4195-8F38-91465C48EB59}"
EndProject
Project("{2150E333-8FDC-42A3-9474-1A3956D46DE8}") = "0.2 - Application", "0.2 - Application", "{B2E9C6E0-F05D-4314-BB63-E6CE77BB6202}"
EndProject
Project("{9A19103F-16F7-4668-BE54-9A1E7A4F7556}") = "API.Application", "0.2 - Application\WMS.Sisdep.Application\API.Application.csproj", "{DA5EC07B-4855-4370-BFE5-B8A40BBBCF50}"
EndProject
Project("{2150E333-8FDC-42A3-9474-1A3956D46DE8}") = "0.3 - Domain", "0.3 - Domain", "{206D516D-4CC4-4ED1-AA13-FF84AC214754}"
EndProject
Project("{9A19103F-16F7-4668-BE54-9A1E7A4F7556}") = "API.Domain", "0.3 - Domain\WMS.Sisdep.Domain\API.Domain.csproj", "{A38B3630-2DD9-4F5B-A69C-6934D82A7AE0}"
EndProject
Project("{2150E333-8FDC-42A3-9474-1A3956D46DE8}") = "0.4 - Infra", "0.4 - Infra", "{135A4BBF-4964-456C-93F7-32D41C241078}"
EndProject
Project("{2150E333-8FDC-42A3-9474-1A3956D46DE8}") = "4.1 - Data", "4.1 - Data", "{CC73C58A-C2BF-452F-9F6B-57A6428B8493}"
EndProject
Project("{9A19103F-16F7-4668-BE54-9A1E7A4F7556}") = "API.Infra.Data", "0.4 - Infra\4.1 - Data\WMS.Sisdep.Infra.Data\API.Infra.Data.csproj", "{89DCC59D-E771-472A-B63C-7C5779837B61}"
EndProject
Project("{2150E333-8FDC-42A3-9474-1A3956D46DE8}") = "4.2 - CrossCutting", "4.2 - CrossCutting", "{FDCDED02-773D-4BC7-85B3-216C06D6E876}"
EndProject
Project("{2150E333-8FDC-42A3-9474-1A3956D46DE8}") = "4.3 - Middleware", "4.3 - Middleware", "{D8CB6549-C3AE-4D52-B735-2EF4FB81ABBF}"
EndProject
Project("{9A19103F-16F7-4668-BE54-9A1E7A4F7556}") = "WMS.Sisdep.Infra.CrossCutting.IOC", "0.4 - Infra\4.2 - CrossCutting\WMS.Sisdep.Infra.CrossCutting.IOC\WMS.Sisdep.Infra.CrossCutting.IOC.csproj", "{2BDE00CB-B131-4FED-8928-596FE1A5A9E3}"
EndProject
Project("{9A19103F-16F7-4668-BE54-9A1E7A4F7556}") = "WMS.Sisdep.Infra.Middleware", "0.4 - Infra\4.3 - Middleware\WMS.Sisdep.Infra.Middleware\WMS.Sisdep.Infra.Middleware.csproj", "{8E05437A-D589-4EB3-BCCE-3D3F821F016E}"
EndProject
Project("{9A19103F-16F7-4668-BE54-9A1E7A4F7556}") = "API.Application.Core", "0.2 - Application\WMS.Sisdep.Application.Core\API.Application.Core.csproj", "{B6EF75F3-F053-42F5-A758-9831AA0E1CA2}"
EndProject
Project("{9A19103F-16F7-4668-BE54-9A1E7A4F7556}") = "API.Domain.Core", "0.3 - Domain\WMS.Sisdep.Domain.Core\API.Domain.Core.csproj", "{A2E4F5F1-D602-4B2E-976E-D7EDDB6921E2}"
EndProject
Project("{2150E333-8FDC-42A3-9474-1A3956D46DE8}") = "4.4 - Integration", "4.4 - Integration", "{5E1C9900-8F62-4EBD-8D24-BCA81269E644}"
EndProject
Project("{9A19103F-16F7-4668-BE54-9A1E7A4F7556}") = "WMS.Sisdep.Infra.Integration", "0.4 - Infra\4.4 - Integration\WMS.Sisdep.Infra.Integration\WMS.Sisdep.Infra.Integration.csproj", "{2918F97E-0820-4ABE-A6B2-3968C9CFC451}"
EndProject
Project("{9A19103F-16F7-4668-BE54-9A1E7A4F7556}") = "API.Infra.Repository", "0.4 - Infra\4.1 - Data\WMS.Sisdep.Infra.Repository\API.Infra.Repository.csproj", "{7A08A4B9-9302-4CBC-99B4-7FBB962FA802}"
EndProject
Project("{2150E333-8FDC-42A3-9474-1A3956D46DE8}") = "4.5 - OldData", "4.5 - OldData", "{00508EE0-9E9F-4350-89B4-6D4B6AE0C795}"
EndProject
Project("{9A19103F-16F7-4668-BE54-9A1E7A4F7556}") = "WMS.Sisdep.Infra.OldData", "0.4 - Infra\4.5 - OldData\WMS.Sisdep.Infra.OldData\WMS.Sisdep.Infra.OldData.csproj", "{6B15A9F8-705A-4BCD-9BA5-5BC919B0C132}"
EndProject
Global
	GlobalSection(SolutionConfigurationPlatforms) = preSolution
		Debug|Any CPU = Debug|Any CPU
		Release|Any CPU = Release|Any CPU
	EndGlobalSection
	GlobalSection(ProjectConfigurationPlatforms) = postSolution
		{1CCDDB3A-7AC5-4195-8F38-91465C48EB59}.Debug|Any CPU.ActiveCfg = Debug|Any CPU
		{1CCDDB3A-7AC5-4195-8F38-91465C48EB59}.Debug|Any CPU.Build.0 = Debug|Any CPU
		{1CCDDB3A-7AC5-4195-8F38-91465C48EB59}.Release|Any CPU.ActiveCfg = Release|Any CPU
		{1CCDDB3A-7AC5-4195-8F38-91465C48EB59}.Release|Any CPU.Build.0 = Release|Any CPU
		{DA5EC07B-4855-4370-BFE5-B8A40BBBCF50}.Debug|Any CPU.ActiveCfg = Debug|Any CPU
		{DA5EC07B-4855-4370-BFE5-B8A40BBBCF50}.Debug|Any CPU.Build.0 = Debug|Any CPU
		{DA5EC07B-4855-4370-BFE5-B8A40BBBCF50}.Release|Any CPU.ActiveCfg = Release|Any CPU
		{DA5EC07B-4855-4370-BFE5-B8A40BBBCF50}.Release|Any CPU.Build.0 = Release|Any CPU
		{A38B3630-2DD9-4F5B-A69C-6934D82A7AE0}.Debug|Any CPU.ActiveCfg = Debug|Any CPU
		{A38B3630-2DD9-4F5B-A69C-6934D82A7AE0}.Debug|Any CPU.Build.0 = Debug|Any CPU
		{A38B3630-2DD9-4F5B-A69C-6934D82A7AE0}.Release|Any CPU.ActiveCfg = Release|Any CPU
		{A38B3630-2DD9-4F5B-A69C-6934D82A7AE0}.Release|Any CPU.Build.0 = Release|Any CPU
		{89DCC59D-E771-472A-B63C-7C5779837B61}.Debug|Any CPU.ActiveCfg = Debug|Any CPU
		{89DCC59D-E771-472A-B63C-7C5779837B61}.Debug|Any CPU.Build.0 = Debug|Any CPU
		{89DCC59D-E771-472A-B63C-7C5779837B61}.Release|Any CPU.ActiveCfg = Release|Any CPU
		{89DCC59D-E771-472A-B63C-7C5779837B61}.Release|Any CPU.Build.0 = Release|Any CPU
		{2BDE00CB-B131-4FED-8928-596FE1A5A9E3}.Debug|Any CPU.ActiveCfg = Debug|Any CPU
		{2BDE00CB-B131-4FED-8928-596FE1A5A9E3}.Debug|Any CPU.Build.0 = Debug|Any CPU
		{2BDE00CB-B131-4FED-8928-596FE1A5A9E3}.Release|Any CPU.ActiveCfg = Release|Any CPU
		{2BDE00CB-B131-4FED-8928-596FE1A5A9E3}.Release|Any CPU.Build.0 = Release|Any CPU
		{8E05437A-D589-4EB3-BCCE-3D3F821F016E}.Debug|Any CPU.ActiveCfg = Debug|Any CPU
		{8E05437A-D589-4EB3-BCCE-3D3F821F016E}.Debug|Any CPU.Build.0 = Debug|Any CPU
		{8E05437A-D589-4EB3-BCCE-3D3F821F016E}.Release|Any CPU.ActiveCfg = Release|Any CPU
		{8E05437A-D589-4EB3-BCCE-3D3F821F016E}.Release|Any CPU.Build.0 = Release|Any CPU
		{B6EF75F3-F053-42F5-A758-9831AA0E1CA2}.Debug|Any CPU.ActiveCfg = Debug|Any CPU
		{B6EF75F3-F053-42F5-A758-9831AA0E1CA2}.Debug|Any CPU.Build.0 = Debug|Any CPU
		{B6EF75F3-F053-42F5-A758-9831AA0E1CA2}.Release|Any CPU.ActiveCfg = Release|Any CPU
		{B6EF75F3-F053-42F5-A758-9831AA0E1CA2}.Release|Any CPU.Build.0 = Release|Any CPU
		{A2E4F5F1-D602-4B2E-976E-D7EDDB6921E2}.Debug|Any CPU.ActiveCfg = Debug|Any CPU
		{A2E4F5F1-D602-4B2E-976E-D7EDDB6921E2}.Debug|Any CPU.Build.0 = Debug|Any CPU
		{A2E4F5F1-D602-4B2E-976E-D7EDDB6921E2}.Release|Any CPU.ActiveCfg = Release|Any CPU
		{A2E4F5F1-D602-4B2E-976E-D7EDDB6921E2}.Release|Any CPU.Build.0 = Release|Any CPU
		{2918F97E-0820-4ABE-A6B2-3968C9CFC451}.Debug|Any CPU.ActiveCfg = Debug|Any CPU
		{2918F97E-0820-4ABE-A6B2-3968C9CFC451}.Debug|Any CPU.Build.0 = Debug|Any CPU
		{2918F97E-0820-4ABE-A6B2-3968C9CFC451}.Release|Any CPU.ActiveCfg = Release|Any CPU
		{2918F97E-0820-4ABE-A6B2-3968C9CFC451}.Release|Any CPU.Build.0 = Release|Any CPU
		{7A08A4B9-9302-4CBC-99B4-7FBB962FA802}.Debug|Any CPU.ActiveCfg = Debug|Any CPU
		{7A08A4B9-9302-4CBC-99B4-7FBB962FA802}.Debug|Any CPU.Build.0 = Debug|Any CPU
		{7A08A4B9-9302-4CBC-99B4-7FBB962FA802}.Release|Any CPU.ActiveCfg = Release|Any CPU
		{7A08A4B9-9302-4CBC-99B4-7FBB962FA802}.Release|Any CPU.Build.0 = Release|Any CPU
		{6B15A9F8-705A-4BCD-9BA5-5BC919B0C132}.Debug|Any CPU.ActiveCfg = Debug|Any CPU
		{6B15A9F8-705A-4BCD-9BA5-5BC919B0C132}.Debug|Any CPU.Build.0 = Debug|Any CPU
		{6B15A9F8-705A-4BCD-9BA5-5BC919B0C132}.Release|Any CPU.ActiveCfg = Release|Any CPU
		{6B15A9F8-705A-4BCD-9BA5-5BC919B0C132}.Release|Any CPU.Build.0 = Release|Any CPU
	EndGlobalSection
	GlobalSection(SolutionProperties) = preSolution
		HideSolutionNode = FALSE
	EndGlobalSection
	GlobalSection(NestedProjects) = preSolution
		{1CCDDB3A-7AC5-4195-8F38-91465C48EB59} = {01C3742B-CA39-4958-9A73-94AEFB537556}
		{DA5EC07B-4855-4370-BFE5-B8A40BBBCF50} = {B2E9C6E0-F05D-4314-BB63-E6CE77BB6202}
		{A38B3630-2DD9-4F5B-A69C-6934D82A7AE0} = {206D516D-4CC4-4ED1-AA13-FF84AC214754}
		{CC73C58A-C2BF-452F-9F6B-57A6428B8493} = {135A4BBF-4964-456C-93F7-32D41C241078}
		{89DCC59D-E771-472A-B63C-7C5779837B61} = {CC73C58A-C2BF-452F-9F6B-57A6428B8493}
		{FDCDED02-773D-4BC7-85B3-216C06D6E876} = {135A4BBF-4964-456C-93F7-32D41C241078}
		{D8CB6549-C3AE-4D52-B735-2EF4FB81ABBF} = {135A4BBF-4964-456C-93F7-32D41C241078}
		{2BDE00CB-B131-4FED-8928-596FE1A5A9E3} = {FDCDED02-773D-4BC7-85B3-216C06D6E876}
		{8E05437A-D589-4EB3-BCCE-3D3F821F016E} = {D8CB6549-C3AE-4D52-B735-2EF4FB81ABBF}
		{B6EF75F3-F053-42F5-A758-9831AA0E1CA2} = {B2E9C6E0-F05D-4314-BB63-E6CE77BB6202}
		{A2E4F5F1-D602-4B2E-976E-D7EDDB6921E2} = {206D516D-4CC4-4ED1-AA13-FF84AC214754}
		{5E1C9900-8F62-4EBD-8D24-BCA81269E644} = {135A4BBF-4964-456C-93F7-32D41C241078}
		{2918F97E-0820-4ABE-A6B2-3968C9CFC451} = {5E1C9900-8F62-4EBD-8D24-BCA81269E644}
		{7A08A4B9-9302-4CBC-99B4-7FBB962FA802} = {CC73C58A-C2BF-452F-9F6B-57A6428B8493}
		{00508EE0-9E9F-4350-89B4-6D4B6AE0C795} = {135A4BBF-4964-456C-93F7-32D41C241078}
		{6B15A9F8-705A-4BCD-9BA5-5BC919B0C132} = {00508EE0-9E9F-4350-89B4-6D4B6AE0C795}
	EndGlobalSection
	GlobalSection(ExtensibilityGlobals) = postSolution
		SolutionGuid = {3F680D6A-D6AD-472F-B1CB-CD88C610D7BD}
	EndGlobalSection
EndGlobal
